// !$*UTF8*$!
{
	archiveVersion = 1;
	classes = {
	};
	objectVersion = 46;
	objects = {

/* Begin PBXBuildFile section */
		7DED0A081A01FCA000F64D38 /* header.c in Sources */ = {isa = PBXBuildFile; fileRef = 7DED0A071A01FCA000F64D38 /* header.c */; };
/* End PBXBuildFile section */

/* Begin PBXCopyFilesBuildPhase section */
		7DED0A021A01FCA000F64D38 /* CopyFiles */ = {
			isa = PBXCopyFilesBuildPhase;
			buildActionMask = 2147483647;
			dstPath = /usr/share/man/man1/;
			dstSubfolderSpec = 0;
			files = (
			);
			runOnlyForDeploymentPostprocessing = 1;
		};
/* End PBXCopyFilesBuildPhase section */

/* Begin PBXFileReference section */
		7DC19CCE1A0921EB00491162 /* header.h */ = {isa = PBXFileReference; lastKnownFileType = sourcecode.c.h; path = header.h; sourceTree = "<group>"; };
		7DED0A041A01FCA000F64D38 /* a07b */ = {isa = PBXFileReference; explicitFileType = "compiled.mach-o.executable"; includeInIndex = 0; path = a07b; sourceTree = BUILT_PRODUCTS_DIR; };
		7DED0A071A01FCA000F64D38 /* header.c */ = {isa = PBXFileReference; lastKnownFileType = sourcecode.c.c; path = header.c; sourceTree = "<group>"; };
/* End PBXFileReference section */

/* Begin PBXFrameworksBuildPhase section */
		7DED0A011A01FCA000F64D38 /* Frameworks */ = {
			isa = PBXFrameworksBuildPhase;
			buildActionMask = 2147483647;
			files = (
			);
			runOnlyForDeploymentPostprocessing = 0;
		};
/* End PBXFrameworksBuildPhase section */

/* Begin PBXGroup section */
		7DED09FB1A01FC9F00F64D38 = {
			isa = PBXGroup;
			children = (
				7DED0A061A01FCA000F64D38 /* a07b */,
				7DED0A051A01FCA000F64D38 /* Products */,
			);
			sourceTree = "<group>";
		};
		7DED0A051A01FCA000F64D38 /* Products */ = {
			isa = PBXGroup;
			children = (
				7DED0A041A01FCA000F64D38 /* a07b */,
			);
			name = Products;
			sourceTree = "<group>";
		};
		7DED0A061A01FCA000F64D38 /* a07b */ = {
			isa = PBXGroup;
			children = (
				7DED0A071A01FCA000F64D38 /* header.c */,
				7DC19CCE1A0921EB00491162 /* header.h */,
			);
			path = a07b;
			sourceTree = "<group>";
		};
/* End PBXGroup section */

/* Begin PBXNativeTarget section */
		7DED0A031A01FCA000F64D38 /* a07b */ = {
			isa = PBXNativeTarget;
			buildConfigurationList = 7DED0A0B1A01FCA000F64D38 /* Build configuration list for PBXNativeTarget "a07b" */;
			buildPhases = (
				7DED0A001A01FCA000F64D38 /* Sources */,
				7DED0A011A01FCA000F64D38 /* Frameworks */,
				7DED0A021A01FCA000F64D38 /* CopyFiles */,
			);
			buildRules = (
			);
			dependencies = (
			);
			name = a07b;
			productName = a07b;
			productReference = 7DED0A041A01FCA000F64D38 /* a07b */;
			productType = "com.apple.product-type.tool";
		};
/* End PBXNativeTarget section */

/* Begin PBXProject section */
		7DED09FC1A01FCA000F64D38 /* Project object */ = {
			isa = PBXProject;
			attributes = {
				LastUpgradeCheck = 0610;
				ORGANIZATIONNAME = None;
				TargetAttributes = {
					7DED0A031A01FCA000F64D38 = {
						CreatedOnToolsVersion = 6.1;
					};
				};
			};
			buildConfigurationList = 7DED09FF1A01FCA000F64D38 /* Build configuration list for PBXProject "a07b" */;
			compatibilityVersion = "Xcode 3.2";
			developmentRegion = English;
			hasScannedForEncodings = 0;
			knownRegions = (
				en,
			);
			mainGroup = 7DED09FB1A01FC9F00F64D38;
			productRefGroup = 7DED0A051A01FCA000F64D38 /* Products */;
			projectDirPath = "";
			projectRoot = "";
			targets = (
				7DED0A031A01FCA000F64D38 /* a07b */,
			);
		};
/* End PBXProject section */

/* Begin PBXSourcesBuildPhase section */
		7DED0A001A01FCA000F64D38 /* Sources */ = {
			isa = PBXSourcesBuildPhase;
			buildActionMask = 2147483647;
			files = (
				7DED0A081A01FCA000F64D38 /* header.c in Sources */,
			);
			runOnlyForDeploymentPostprocessing = 0;
		};
/* End PBXSourcesBuildPhase section */

/* Begin XCBuildConfiguration section */
		7DED0A091A01FCA000F64D38 /* Debug */ = {
			isa = XCBuildConfiguration;
			buildSettings = {
				ALWAYS_SEARCH_USER_PATHS = NO;
				CLANG_CXX_LANGUAGE_STANDARD = "gnu++0x";
				CLANG_CXX_LIBRARY = "libc++";
				CLANG_ENABLE_MODULES = YES;
				CLANG_ENABLE_OBJC_ARC = YES;
				CLANG_WARN_BOOL_CONVERSION = YES;
				CLANG_WARN_CONSTANT_CONVERSION = YES;
				CLANG_WARN_DIRECT_OBJC_ISA_USAGE = YES_ERROR;
				CLANG_WARN_EMPTY_BODY = YES;
				CLANG_WARN_ENUM_CONVERSION = YES;
				CLANG_WARN_INT_CONVERSION = YES;
				CLANG_WARN_OBJC_ROOT_CLASS = YES_ERROR;
				CLANG_WARN_UNREACHABLE_CODE = YES;
				CLANG_WARN__DUPLICATE_METHOD_MATCH = YES;
				COPY_PHASE_STRIP = NO;
				ENABLE_STRICT_OBJC_MSGSEND = YES;
				GCC_C_LANGUAGE_STANDARD = gnu99;
				GCC_DYNAMIC_NO_PIC = NO;
				GCC_OPTIMIZATION_LEVEL = 0;
				GCC_PREPROCESSOR_DEFINITIONS = (
					"DEBUG=1",
					"$(inherited)",
				);
				GCC_SYMBOLS_PRIVATE_EXTERN = NO;
				GCC_WARN_64_TO_32_BIT_CONVERSION = YES;
				GCC_WARN_ABOUT_RETURN_TYPE = YES_ERROR;
				GCC_WARN_UNDECLARED_SELECTOR = YES;
				GCC_WARN_UNINITIALIZED_AUTOS = YES_AGGRESSIVE;
				GCC_WARN_UNUSED_FUNCTION = YES;
				GCC_WARN_UNUSED_VARIABLE = YES;
				MACOSX_DEPLOYMENT_TARGET = 10.9;
				MTL_ENABLE_DEBUG_INFO = YES;
				ONLY_ACTIVE_ARCH = YES;
				SDKROOT = macosx;
			};
			name = Debug;
		};
		7DED0A0A1A01FCA000F64D38 /* Release */ = {
			isa = XCBuildConfiguration;
			buildSettings = {
				ALWAYS_SEARCH_USER_PATHS = NO;
				CLANG_CXX_LANGUAGE_STANDARD = "gnu++0x";
				CLANG_CXX_LIBRARY = "libc++";
				CLANG_ENABLE_MODULES = YES;
				CLANG_ENABLE_OBJC_ARC = YES;
				CLANG_WARN_BOOL_CONVERSION = YES;
				CLANG_WARN_CONSTANT_CONVERSION = YES;
				CLANG_WARN_DIRECT_OBJC_ISA_USAGE = YES_ERROR;
				CLANG_WARN_EMPTY_BODY = YES;
				CLANG_WARN_ENUM_CONVERSION = YES;
				CLANG_WARN_INT_CONVERSION = YES;
				CLANG_WARN_OBJC_ROOT_CLASS = YES_ERROR;
				CLANG_WARN_UNREACHABLE_CODE = YES;
				CLANG_WARN__DUPLICATE_METHOD_MATCH = YES;
				COPY_PHASE_STRIP = YES;
				DEBUG_INFORMATION_FORMAT = "dwarf-with-dsym";
				ENABLE_NS_ASSERTIONS = NO;
				ENABLE_STRICT_OBJC_MSGSEND = YES;
				GCC_C_LANGUAGE_STANDARD = gnu99;
				GCC_WARN_64_TO_32_BIT_CONVERSION = YES;
				GCC_WARN_ABOUT_RETURN_TYPE = YES_ERROR;
				GCC_WARN_UNDECLARED_SELECTOR = YES;
				GCC_WARN_UNINITIALIZED_AUTOS = YES_AGGRESSIVE;
				GCC_WARN_UNUSED_FUNCTION = YES;
				GCC_WARN_UNUSED_VARIABLE = YES;
				MACOSX_DEPLOYMENT_TARGET = 10.9;
				MTL_ENABLE_DEBUG_INFO = NO;
				SDKROOT = macosx;
			};
			name = Release;
		};
		7DED0A0C1A01FCA000F64D38 /* Debug */ = {
			isa = XCBuildConfiguration;
			buildSettings = {
				PRODUCT_NAME = "$(TARGET_NAME)";
			};
			name = Debug;
		};
		7DED0A0D1A01FCA000F64D38 /* Release */ = {
			isa = XCBuildConfiguration;
			buildSettings = {
				PRODUCT_NAME = "$(TARGET_NAME)";
			};
			name = Release;
		};
/* End XCBuildConfiguration section */

/* Begin XCConfigurationList section */
		7DED09FF1A01FCA000F64D38 /* Build configuration list for PBXProject "a07b" */ = {
			isa = XCConfigurationList;
			buildConfigurations = (
				7DED0A091A01FCA000F64D38 /* Debug */,
				7DED0A0A1A01FCA000F64D38 /* Release */,
			);
			defaultConfigurationIsVisible = 0;
			defaultConfigurationName = Release;
		};
		7DED0A0B1A01FCA000F64D38 /* Build configuration list for PBXNativeTarget "a07b" */ = {
			isa = XCConfigurationList;
			buildConfigurations = (
				7DED0A0C1A01FCA000F64D38 /* Debug */,
				7DED0A0D1A01FCA000F64D38 /* Release */,
			);
			defaultConfigurationIsVisible = 0;
			defaultConfigurationName = Release;
		};
/* End XCConfigurationList section */
	};
	rootObject = 7DED09FC1A01FCA000F64D38 /* Project object */;
}
